// !$*UTF8*$!
{
	archiveVersion = 1;
	classes = {
	};
	objectVersion = 46;
	objects = {

/* Begin PBXBuildFile section */
		910091561CA0690E004D6D78 /* AppDelegate.swift in Sources */ = {isa = PBXBuildFile; fileRef = 910091551CA0690E004D6D78 /* AppDelegate.swift */; };
		9100915B1CA0690E004D6D78 /* Main.storyboard in Resources */ = {isa = PBXBuildFile; fileRef = 910091591CA0690E004D6D78 /* Main.storyboard */; };
		9100915E1CA0690E004D6D78 /* Air_End.xcdatamodeld in Sources */ = {isa = PBXBuildFile; fileRef = 9100915C1CA0690E004D6D78 /* Air_End.xcdatamodeld */; };
		910091601CA0690E004D6D78 /* Assets.xcassets in Resources */ = {isa = PBXBuildFile; fileRef = 9100915F1CA0690E004D6D78 /* Assets.xcassets */; };
		910091631CA0690E004D6D78 /* LaunchScreen.storyboard in Resources */ = {isa = PBXBuildFile; fileRef = 910091611CA0690E004D6D78 /* LaunchScreen.storyboard */; };
		911A9D2A1CA09C5B0060DB04 /* Realm.framework in Frameworks */ = {isa = PBXBuildFile; fileRef = 911A9D281CA09C5B0060DB04 /* Realm.framework */; };
		911A9D2B1CA09C5C0060DB04 /* Realm.framework in Embed Frameworks */ = {isa = PBXBuildFile; fileRef = 911A9D281CA09C5B0060DB04 /* Realm.framework */; settings = {ATTRIBUTES = (CodeSignOnCopy, RemoveHeadersOnCopy, ); }; };
		911A9D2C1CA09C5C0060DB04 /* RealmSwift.framework in Frameworks */ = {isa = PBXBuildFile; fileRef = 911A9D291CA09C5B0060DB04 /* RealmSwift.framework */; };
		911A9D2D1CA09C5C0060DB04 /* RealmSwift.framework in Embed Frameworks */ = {isa = PBXBuildFile; fileRef = 911A9D291CA09C5B0060DB04 /* RealmSwift.framework */; settings = {ATTRIBUTES = (CodeSignOnCopy, RemoveHeadersOnCopy, ); }; };
		911A9D311CA0A2DF0060DB04 /* ViewController-Conversions-Extension.swift in Sources */ = {isa = PBXBuildFile; fileRef = 911A9D301CA0A2DF0060DB04 /* ViewController-Conversions-Extension.swift */; };
		913B1E2B1CA06F3C00F8AFF7 /* Task.swift in Sources */ = {isa = PBXBuildFile; fileRef = 913B1E2A1CA06F3C00F8AFF7 /* Task.swift */; };
		913B1E311CA0743F00F8AFF7 /* ListVC.swift in Sources */ = {isa = PBXBuildFile; fileRef = 913B1E301CA0743F00F8AFF7 /* ListVC.swift */; };
		913B1E331CA088D300F8AFF7 /* NewTaskVC.swift in Sources */ = {isa = PBXBuildFile; fileRef = 913B1E321CA088D300F8AFF7 /* NewTaskVC.swift */; };
		913B1E361CA08D3500F8AFF7 /* ViewController-Extension.swift in Sources */ = {isa = PBXBuildFile; fileRef = 913B1E351CA08D3500F8AFF7 /* ViewController-Extension.swift */; };
		913B1E391CA08F9000F8AFF7 /* TextToEnum- Extentsion.swift in Sources */ = {isa = PBXBuildFile; fileRef = 913B1E381CA08F9000F8AFF7 /* TextToEnum- Extentsion.swift */; };
		913B1F001CA1CE7100D30A7D /* CoreLocation.framework in Frameworks */ = {isa = PBXBuildFile; fileRef = 913B1EFE1CA1CE6900D30A7D /* CoreLocation.framework */; };
		913B1F031CA1DF4000D30A7D /* ListVC-LocationExtension.swift in Sources */ = {isa = PBXBuildFile; fileRef = 913B1F021CA1DF4000D30A7D /* ListVC-LocationExtension.swift */; };
		913B1F051CA1E69900D30A7D /* MapKit.framework in Frameworks */ = {isa = PBXBuildFile; fileRef = 913B1F041CA1E69900D30A7D /* MapKit.framework */; };
		913B1F091CA1EE4C00D30A7D /* Noun.swift in Sources */ = {isa = PBXBuildFile; fileRef = 913B1F081CA1EE4C00D30A7D /* Noun.swift */; };
		913B1F0B1CA1F5E000D30A7D /* CloseTask.swift in Sources */ = {isa = PBXBuildFile; fileRef = 913B1F0A1CA1F5E000D30A7D /* CloseTask.swift */; };
		913B1F0F1CA3779000D30A7D /* TaskMapVC.swift in Sources */ = {isa = PBXBuildFile; fileRef = 913B1F0E1CA3779000D30A7D /* TaskMapVC.swift */; };
/* End PBXBuildFile section */

/* Begin PBXCopyFilesBuildPhase section */
		911A9D2E1CA09C5C0060DB04 /* Embed Frameworks */ = {
			isa = PBXCopyFilesBuildPhase;
			buildActionMask = 2147483647;
			dstPath = "";
			dstSubfolderSpec = 10;
			files = (
				911A9D2D1CA09C5C0060DB04 /* RealmSwift.framework in Embed Frameworks */,
				911A9D2B1CA09C5C0060DB04 /* Realm.framework in Embed Frameworks */,
			);
			name = "Embed Frameworks";
			runOnlyForDeploymentPostprocessing = 0;
		};
/* End PBXCopyFilesBuildPhase section */

/* Begin PBXFileReference section */
		910091521CA0690E004D6D78 /* Air-End.app */ = {isa = PBXFileReference; explicitFileType = wrapper.application; includeInIndex = 0; path = "Air-End.app"; sourceTree = BUILT_PRODUCTS_DIR; };
		910091551CA0690E004D6D78 /* AppDelegate.swift */ = {isa = PBXFileReference; lastKnownFileType = sourcecode.swift; path = AppDelegate.swift; sourceTree = "<group>"; };
		9100915A1CA0690E004D6D78 /* Base */ = {isa = PBXFileReference; lastKnownFileType = file.storyboard; name = Base; path = Base.lproj/Main.storyboard; sourceTree = "<group>"; };
		9100915D1CA0690E004D6D78 /* Air_End.xcdatamodel */ = {isa = PBXFileReference; lastKnownFileType = wrapper.xcdatamodel; path = Air_End.xcdatamodel; sourceTree = "<group>"; };
		9100915F1CA0690E004D6D78 /* Assets.xcassets */ = {isa = PBXFileReference; lastKnownFileType = folder.assetcatalog; path = Assets.xcassets; sourceTree = "<group>"; };
		910091621CA0690E004D6D78 /* Base */ = {isa = PBXFileReference; lastKnownFileType = file.storyboard; name = Base; path = Base.lproj/LaunchScreen.storyboard; sourceTree = "<group>"; };
		910091641CA0690E004D6D78 /* Info.plist */ = {isa = PBXFileReference; lastKnownFileType = text.plist.xml; path = Info.plist; sourceTree = "<group>"; };
		911A9D281CA09C5B0060DB04 /* Realm.framework */ = {isa = PBXFileReference; lastKnownFileType = wrapper.framework; path = Realm.framework; sourceTree = "<group>"; };
		911A9D291CA09C5B0060DB04 /* RealmSwift.framework */ = {isa = PBXFileReference; lastKnownFileType = wrapper.framework; path = RealmSwift.framework; sourceTree = "<group>"; };
		911A9D301CA0A2DF0060DB04 /* ViewController-Conversions-Extension.swift */ = {isa = PBXFileReference; fileEncoding = 4; lastKnownFileType = sourcecode.swift; path = "ViewController-Conversions-Extension.swift"; sourceTree = "<group>"; };
		913B1E2A1CA06F3C00F8AFF7 /* Task.swift */ = {isa = PBXFileReference; fileEncoding = 4; lastKnownFileType = sourcecode.swift; path = Task.swift; sourceTree = "<group>"; };
		913B1E301CA0743F00F8AFF7 /* ListVC.swift */ = {isa = PBXFileReference; fileEncoding = 4; lastKnownFileType = sourcecode.swift; path = ListVC.swift; sourceTree = "<group>"; };
		913B1E321CA088D300F8AFF7 /* NewTaskVC.swift */ = {isa = PBXFileReference; fileEncoding = 4; lastKnownFileType = sourcecode.swift; path = NewTaskVC.swift; sourceTree = "<group>"; };
		913B1E351CA08D3500F8AFF7 /* ViewController-Extension.swift */ = {isa = PBXFileReference; fileEncoding = 4; lastKnownFileType = sourcecode.swift; path = "ViewController-Extension.swift"; sourceTree = "<group>"; };
		913B1E381CA08F9000F8AFF7 /* TextToEnum- Extentsion.swift */ = {isa = PBXFileReference; fileEncoding = 4; lastKnownFileType = sourcecode.swift; path = "TextToEnum- Extentsion.swift"; sourceTree = "<group>"; };
		913B1EFE1CA1CE6900D30A7D /* CoreLocation.framework */ = {isa = PBXFileReference; lastKnownFileType = wrapper.framework; name = CoreLocation.framework; path = System/Library/Frameworks/CoreLocation.framework; sourceTree = SDKROOT; };
		913B1F021CA1DF4000D30A7D /* ListVC-LocationExtension.swift */ = {isa = PBXFileReference; fileEncoding = 4; lastKnownFileType = sourcecode.swift; path = "ListVC-LocationExtension.swift"; sourceTree = "<group>"; };
		913B1F041CA1E69900D30A7D /* MapKit.framework */ = {isa = PBXFileReference; lastKnownFileType = wrapper.framework; name = MapKit.framework; path = System/Library/Frameworks/MapKit.framework; sourceTree = SDKROOT; };
		913B1F081CA1EE4C00D30A7D /* Noun.swift */ = {isa = PBXFileReference; fileEncoding = 4; lastKnownFileType = sourcecode.swift; path = Noun.swift; sourceTree = "<group>"; };
		913B1F0A1CA1F5E000D30A7D /* CloseTask.swift */ = {isa = PBXFileReference; fileEncoding = 4; lastKnownFileType = sourcecode.swift; path = CloseTask.swift; sourceTree = "<group>"; };
		913B1F0E1CA3779000D30A7D /* TaskMapVC.swift */ = {isa = PBXFileReference; fileEncoding = 4; lastKnownFileType = sourcecode.swift; path = TaskMapVC.swift; sourceTree = "<group>"; };
/* End PBXFileReference section */

/* Begin PBXFrameworksBuildPhase section */
		9100914F1CA0690E004D6D78 /* Frameworks */ = {
			isa = PBXFrameworksBuildPhase;
			buildActionMask = 2147483647;
			files = (
				913B1F051CA1E69900D30A7D /* MapKit.framework in Frameworks */,
				913B1F001CA1CE7100D30A7D /* CoreLocation.framework in Frameworks */,
				911A9D2C1CA09C5C0060DB04 /* RealmSwift.framework in Frameworks */,
				911A9D2A1CA09C5B0060DB04 /* Realm.framework in Frameworks */,
			);
			runOnlyForDeploymentPostprocessing = 0;
		};
/* End PBXFrameworksBuildPhase section */

/* Begin PBXGroup section */
		910091491CA0690E004D6D78 = {
			isa = PBXGroup;
			children = (
				913B1F041CA1E69900D30A7D /* MapKit.framework */,
				913B1EFE1CA1CE6900D30A7D /* CoreLocation.framework */,
				911A9D281CA09C5B0060DB04 /* Realm.framework */,
				911A9D291CA09C5B0060DB04 /* RealmSwift.framework */,
				910091541CA0690E004D6D78 /* Air-End */,
				910091531CA0690E004D6D78 /* Products */,
			);
			sourceTree = "<group>";
		};
		910091531CA0690E004D6D78 /* Products */ = {
			isa = PBXGroup;
			children = (
				910091521CA0690E004D6D78 /* Air-End.app */,
			);
			name = Products;
			sourceTree = "<group>";
		};
		910091541CA0690E004D6D78 /* Air-End */ = {
			isa = PBXGroup;
			children = (
				9100916A1CA0691A004D6D78 /* Model */,
				9100916B1CA0691E004D6D78 /* View */,
				9100916C1CA06925004D6D78 /* Controller */,
				9100916D1CA0694A004D6D78 /* Other */,
			);
			path = "Air-End";
			sourceTree = "<group>";
		};
		9100916A1CA0691A004D6D78 /* Model */ = {
			isa = PBXGroup;
			children = (
				910091551CA0690E004D6D78 /* AppDelegate.swift */,
				913B1E371CA08D8100F8AFF7 /* Extensions */,
				913B1E2A1CA06F3C00F8AFF7 /* Task.swift */,
				913B1F0A1CA1F5E000D30A7D /* CloseTask.swift */,
				913B1F081CA1EE4C00D30A7D /* Noun.swift */,
			);
			name = Model;
			sourceTree = "<group>";
		};
		9100916B1CA0691E004D6D78 /* View */ = {
			isa = PBXGroup;
			children = (
				910091591CA0690E004D6D78 /* Main.storyboard */,
				9100915F1CA0690E004D6D78 /* Assets.xcassets */,
				910091611CA0690E004D6D78 /* LaunchScreen.storyboard */,
			);
			name = View;
			sourceTree = "<group>";
		};
		9100916C1CA06925004D6D78 /* Controller */ = {
			isa = PBXGroup;
			children = (
				913B1E341CA088DC00F8AFF7 /* List */,
			);
			name = Controller;
			sourceTree = "<group>";
		};
		9100916D1CA0694A004D6D78 /* Other */ = {
			isa = PBXGroup;
			children = (
				910091641CA0690E004D6D78 /* Info.plist */,
				9100915C1CA0690E004D6D78 /* Air_End.xcdatamodeld */,
			);
			name = Other;
			sourceTree = "<group>";
		};
		913B1E341CA088DC00F8AFF7 /* List */ = {
			isa = PBXGroup;
			children = (
				913B1E301CA0743F00F8AFF7 /* ListVC.swift */,
				913B1F021CA1DF4000D30A7D /* ListVC-LocationExtension.swift */,
				913B1F0E1CA3779000D30A7D /* TaskMapVC.swift */,
				913B1E321CA088D300F8AFF7 /* NewTaskVC.swift */,
			);
			name = List;
			sourceTree = "<group>";
		};
		913B1E371CA08D8100F8AFF7 /* Extensions */ = {
			isa = PBXGroup;
			children = (
				913B1E351CA08D3500F8AFF7 /* ViewController-Extension.swift */,
				911A9D301CA0A2DF0060DB04 /* ViewController-Conversions-Extension.swift */,
				913B1E381CA08F9000F8AFF7 /* TextToEnum- Extentsion.swift */,
			);
			name = Extensions;
			sourceTree = "<group>";
		};
/* End PBXGroup section */

/* Begin PBXNativeTarget section */
		910091511CA0690E004D6D78 /* Air-End */ = {
			isa = PBXNativeTarget;
			buildConfigurationList = 910091671CA0690E004D6D78 /* Build configuration list for PBXNativeTarget "Air-End" */;
			buildPhases = (
				9100914E1CA0690E004D6D78 /* Sources */,
				9100914F1CA0690E004D6D78 /* Frameworks */,
				910091501CA0690E004D6D78 /* Resources */,
				911A9D2E1CA09C5C0060DB04 /* Embed Frameworks */,
				911A9D2F1CA09CEF0060DB04 /* Run Script */,
			);
			buildRules = (
			);
			dependencies = (
			);
			name = "Air-End";
			productName = "Air-End";
			productReference = 910091521CA0690E004D6D78 /* Air-End.app */;
			productType = "com.apple.product-type.application";
		};
/* End PBXNativeTarget section */

/* Begin PBXProject section */
		9100914A1CA0690E004D6D78 /* Project object */ = {
			isa = PBXProject;
			attributes = {
				LastSwiftUpdateCheck = 0720;
				LastUpgradeCheck = 0720;
				ORGANIZATIONNAME = "Bikis Design";
				TargetAttributes = {
					910091511CA0690E004D6D78 = {
						CreatedOnToolsVersion = 7.2.1;
					};
				};
			};
			buildConfigurationList = 9100914D1CA0690E004D6D78 /* Build configuration list for PBXProject "Air-End" */;
			compatibilityVersion = "Xcode 3.2";
			developmentRegion = English;
			hasScannedForEncodings = 0;
			knownRegions = (
				en,
				Base,
			);
			mainGroup = 910091491CA0690E004D6D78;
			productRefGroup = 910091531CA0690E004D6D78 /* Products */;
			projectDirPath = "";
			projectRoot = "";
			targets = (
				910091511CA0690E004D6D78 /* Air-End */,
			);
		};
/* End PBXProject section */

/* Begin PBXResourcesBuildPhase section */
		910091501CA0690E004D6D78 /* Resources */ = {
			isa = PBXResourcesBuildPhase;
			buildActionMask = 2147483647;
			files = (
				910091631CA0690E004D6D78 /* LaunchScreen.storyboard in Resources */,
				910091601CA0690E004D6D78 /* Assets.xcassets in Resources */,
				9100915B1CA0690E004D6D78 /* Main.storyboard in Resources */,
			);
			runOnlyForDeploymentPostprocessing = 0;
		};
/* End PBXResourcesBuildPhase section */

/* Begin PBXShellScriptBuildPhase section */
		911A9D2F1CA09CEF0060DB04 /* Run Script */ = {
			isa = PBXShellScriptBuildPhase;
			buildActionMask = 2147483647;
			files = (
			);
			inputPaths = (
			);
			name = "Run Script";
			outputPaths = (
			);
			runOnlyForDeploymentPostprocessing = 0;
			shellPath = /bin/sh;
			shellScript = "bash \"${BUILT_PRODUCTS_DIR}/${FRAMEWORKS_FOLDER_PATH}/Realm.framework/strip-frameworks.sh\"";
		};
/* End PBXShellScriptBuildPhase section */

/* Begin PBXSourcesBuildPhase section */
		9100914E1CA0690E004D6D78 /* Sources */ = {
			isa = PBXSourcesBuildPhase;
			buildActionMask = 2147483647;
			files = (
				913B1E391CA08F9000F8AFF7 /* TextToEnum- Extentsion.swift in Sources */,
				913B1E311CA0743F00F8AFF7 /* ListVC.swift in Sources */,
				911A9D311CA0A2DF0060DB04 /* ViewController-Conversions-Extension.swift in Sources */,
				913B1E361CA08D3500F8AFF7 /* ViewController-Extension.swift in Sources */,
				913B1F0B1CA1F5E000D30A7D /* CloseTask.swift in Sources */,
				913B1E331CA088D300F8AFF7 /* NewTaskVC.swift in Sources */,
				913B1F091CA1EE4C00D30A7D /* Noun.swift in Sources */,
				913B1E2B1CA06F3C00F8AFF7 /* Task.swift in Sources */,
				913B1F0F1CA3779000D30A7D /* TaskMapVC.swift in Sources */,
				913B1F031CA1DF4000D30A7D /* ListVC-LocationExtension.swift in Sources */,
				910091561CA0690E004D6D78 /* AppDelegate.swift in Sources */,
				9100915E1CA0690E004D6D78 /* Air_End.xcdatamodeld in Sources */,
			);
			runOnlyForDeploymentPostprocessing = 0;
		};
/* End PBXSourcesBuildPhase section */

/* Begin PBXVariantGroup section */
		910091591CA0690E004D6D78 /* Main.storyboard */ = {
			isa = PBXVariantGroup;
			children = (
				9100915A1CA0690E004D6D78 /* Base */,
			);
			name = Main.storyboard;
			sourceTree = "<group>";
		};
		910091611CA0690E004D6D78 /* LaunchScreen.storyboard */ = {
			isa = PBXVariantGroup;
			children = (
				910091621CA0690E004D6D78 /* Base */,
			);
			name = LaunchScreen.storyboard;
			sourceTree = "<group>";
		};
/* End PBXVariantGroup section */

/* Begin XCBuildConfiguration section */
		910091651CA0690E004D6D78 /* Debug */ = {
			isa = XCBuildConfiguration;
			buildSettings = {
				ALWAYS_SEARCH_USER_PATHS = NO;
				CLANG_CXX_LANGUAGE_STANDARD = "gnu++0x";
				CLANG_CXX_LIBRARY = "libc++";
				CLANG_ENABLE_MODULES = YES;
				CLANG_ENABLE_OBJC_ARC = YES;
				CLANG_WARN_BOOL_CONVERSION = YES;
				CLANG_WARN_CONSTANT_CONVERSION = YES;
				CLANG_WARN_DIRECT_OBJC_ISA_USAGE = YES_ERROR;
				CLANG_WARN_EMPTY_BODY = YES;
				CLANG_WARN_ENUM_CONVERSION = YES;
				CLANG_WARN_INT_CONVERSION = YES;
				CLANG_WARN_OBJC_ROOT_CLASS = YES_ERROR;
				CLANG_WARN_UNREACHABLE_CODE = YES;
				CLANG_WARN__DUPLICATE_METHOD_MATCH = YES;
				"CODE_SIGN_IDENTITY[sdk=iphoneos*]" = "iPhone Developer";
				COPY_PHASE_STRIP = NO;
				DEBUG_INFORMATION_FORMAT = dwarf;
				ENABLE_STRICT_OBJC_MSGSEND = YES;
				ENABLE_TESTABILITY = YES;
				GCC_C_LANGUAGE_STANDARD = gnu99;
				GCC_DYNAMIC_NO_PIC = NO;
				GCC_NO_COMMON_BLOCKS = YES;
				GCC_OPTIMIZATION_LEVEL = 0;
				GCC_PREPROCESSOR_DEFINITIONS = (
					"DEBUG=1",
					"$(inherited)",
				);
				GCC_WARN_64_TO_32_BIT_CONVERSION = YES;
				GCC_WARN_ABOUT_RETURN_TYPE = YES_ERROR;
				GCC_WARN_UNDECLARED_SELECTOR = YES;
				GCC_WARN_UNINITIALIZED_AUTOS = YES_AGGRESSIVE;
				GCC_WARN_UNUSED_FUNCTION = YES;
				GCC_WARN_UNUSED_VARIABLE = YES;
				IPHONEOS_DEPLOYMENT_TARGET = 9.2;
				MTL_ENABLE_DEBUG_INFO = YES;
				ONLY_ACTIVE_ARCH = YES;
				SDKROOT = iphoneos;
				SWIFT_OPTIMIZATION_LEVEL = "-Onone";
			};
			name = Debug;
		};
		910091661CA0690E004D6D78 /* Release */ = {
			isa = XCBuildConfiguration;
			buildSettings = {
				ALWAYS_SEARCH_USER_PATHS = NO;
				CLANG_CXX_LANGUAGE_STANDARD = "gnu++0x";
				CLANG_CXX_LIBRARY = "libc++";
				CLANG_ENABLE_MODULES = YES;
				CLANG_ENABLE_OBJC_ARC = YES;
				CLANG_WARN_BOOL_CONVERSION = YES;
				CLANG_WARN_CONSTANT_CONVERSION = YES;
				CLANG_WARN_DIRECT_OBJC_ISA_USAGE = YES_ERROR;
				CLANG_WARN_EMPTY_BODY = YES;
				CLANG_WARN_ENUM_CONVERSION = YES;
				CLANG_WARN_INT_CONVERSION = YES;
				CLANG_WARN_OBJC_ROOT_CLASS = YES_ERROR;
				CLANG_WARN_UNREACHABLE_CODE = YES;
				CLANG_WARN__DUPLICATE_METHOD_MATCH = YES;
				"CODE_SIGN_IDENTITY[sdk=iphoneos*]" = "iPhone Developer";
				COPY_PHASE_STRIP = NO;
				DEBUG_INFORMATION_FORMAT = "dwarf-with-dsym";
				ENABLE_NS_ASSERTIONS = NO;
				ENABLE_STRICT_OBJC_MSGSEND = YES;
				GCC_C_LANGUAGE_STANDARD = gnu99;
				GCC_NO_COMMON_BLOCKS = YES;
				GCC_WARN_64_TO_32_BIT_CONVERSION = YES;
				GCC_WARN_ABOUT_RETURN_TYPE = YES_ERROR;
				GCC_WARN_UNDECLARED_SELECTOR = YES;
				GCC_WARN_UNINITIALIZED_AUTOS = YES_AGGRESSIVE;
				GCC_WARN_UNUSED_FUNCTION = YES;
				GCC_WARN_UNUSED_VARIABLE = YES;
				IPHONEOS_DEPLOYMENT_TARGET = 9.2;
				MTL_ENABLE_DEBUG_INFO = NO;
				SDKROOT = iphoneos;
				VALIDATE_PRODUCT = YES;
			};
			name = Release;
		};
		910091681CA0690E004D6D78 /* Debug */ = {
			isa = XCBuildConfiguration;
			buildSettings = {
				ASSETCATALOG_COMPILER_APPICON_NAME = AppIcon;
				FRAMEWORK_SEARCH_PATHS = (
					"$(inherited)",
					"$(PROJECT_DIR)",
				);
				INFOPLIST_FILE = "Air-End/Info.plist";
				LD_RUNPATH_SEARCH_PATHS = "$(inherited) @executable_path/Frameworks";
				PRODUCT_BUNDLE_IDENTIFIER = "com.mp-design.Air-End";
				PRODUCT_NAME = "$(TARGET_NAME)";
			};
			name = Debug;
		};
		910091691CA0690E004D6D78 /* Release */ = {
			isa = XCBuildConfiguration;
			buildSettings = {
				ASSETCATALOG_COMPILER_APPICON_NAME = AppIcon;
				FRAMEWORK_SEARCH_PATHS = (
					"$(inherited)",
					"$(PROJECT_DIR)",
				);
				INFOPLIST_FILE = "Air-End/Info.plist";
				LD_RUNPATH_SEARCH_PATHS = "$(inherited) @executable_path/Frameworks";
				PRODUCT_BUNDLE_IDENTIFIER = "com.mp-design.Air-End";
				PRODUCT_NAME = "$(TARGET_NAME)";
			};
			name = Release;
		};
/* End XCBuildConfiguration section */

/* Begin XCConfigurationList section */
		9100914D1CA0690E004D6D78 /* Build configuration list for PBXProject "Air-End" */ = {
			isa = XCConfigurationList;
			buildConfigurations = (
				910091651CA0690E004D6D78 /* Debug */,
				910091661CA0690E004D6D78 /* Release */,
			);
			defaultConfigurationIsVisible = 0;
			defaultConfigurationName = Release;
		};
		910091671CA0690E004D6D78 /* Build configuration list for PBXNativeTarget "Air-End" */ = {
			isa = XCConfigurationList;
			buildConfigurations = (
				910091681CA0690E004D6D78 /* Debug */,
				910091691CA0690E004D6D78 /* Release */,
			);
			defaultConfigurationIsVisible = 0;
			defaultConfigurationName = Release;
		};
/* End XCConfigurationList section */

/* Begin XCVersionGroup section */
		9100915C1CA0690E004D6D78 /* Air_End.xcdatamodeld */ = {
			isa = XCVersionGroup;
			children = (
				9100915D1CA0690E004D6D78 /* Air_End.xcdatamodel */,
			);
			currentVersion = 9100915D1CA0690E004D6D78 /* Air_End.xcdatamodel */;
			path = Air_End.xcdatamodeld;
			sourceTree = "<group>";
			versionGroupType = wrapper.xcdatamodel;
		};
/* End XCVersionGroup section */
	};
	rootObject = 9100914A1CA0690E004D6D78 /* Project object */;
}
